
Microsoft Visual Studio Solution File, Format Version 12.00
# Visual Studio Version 17
VisualStudioVersion = 17.11.35327.3
MinimumVisualStudioVersion = 10.0.40219.1
Project("{FAE04EC0-301F-11D3-BF4B-00C04F79EFBC}") = "CsvParser", "CsvParser.csproj", "{7C0F6D7A-466E-46FF-940A-0AF1B7789506}"
EndProject
Global
	GlobalSection(SolutionConfigurationPlatforms) = preSolution
		Debug|Any CPU = Debug|Any CPU
		Release|Any CPU = Release|Any CPU
	EndGlobalSection
	GlobalSection(ProjectConfigurationPlatforms) = postSolution
		{7C0F6D7A-466E-46FF-940A-0AF1B7789506}.Debug|Any CPU.ActiveCfg = Debug|Any CPU
		{7C0F6D7A-466E-46FF-940A-0AF1B7789506}.Debug|Any CPU.Build.0 = Debug|Any CPU
		{7C0F6D7A-466E-46FF-940A-0AF1B7789506}.Release|Any CPU.ActiveCfg = Release|Any CPU
		{7C0F6D7A-466E-46FF-940A-0AF1B7789506}.Release|Any CPU.Build.0 = Release|Any CPU
	EndGlobalSection
	GlobalSection(SolutionProperties) = preSolution
		HideSolutionNode = FALSE
	EndGlobalSection
	GlobalSection(ExtensibilityGlobals) = postSolution
		SolutionGuid = {7E94081A-7512-461A-B47F-AE405357B824}
	EndGlobalSection
EndGlobal
